
Microsoft Visual Studio Solution File, Format Version 12.00
# Visual Studio Version 16
VisualStudioVersion = 16.0.30717.126
MinimumVisualStudioVersion = 10.0.40219.1
Project("{9A19103F-16F7-4668-BE54-9A1E7A4F7556}") = "Demo3", "Demo3\Demo3.csproj", "{9325930B-1C6A-49A9-ADD0-80042EF1F9C0}"
EndProject
Project("{9A19103F-16F7-4668-BE54-9A1E7A4F7556}") = "Demo3.Data", "Demo3.Data\Demo3.Data.csproj", "{928A55BA-202D-48E4-8CE4-3EBA75E82C1A}"
EndProject
Project("{9A19103F-16F7-4668-BE54-9A1E7A4F7556}") = "Demo3.Migrations.Postgresql", "Demo3.Migrations.Postgresql\Demo3.Migrations.Postgresql.csproj", "{58540995-2178-4B7E-843A-80DCD5943060}"
EndProject
Project("{9A19103F-16F7-4668-BE54-9A1E7A4F7556}") = "Demo3.Migrations.Sqlite", "Demo3.Migrations.Sqlite\Demo3.Migrations.Sqlite.csproj", "{844DB1DA-0466-426E-A271-B3D7425AD042}"
EndProject
Global
	GlobalSection(SolutionConfigurationPlatforms) = preSolution
		Debug|Any CPU = Debug|Any CPU
		Release|Any CPU = Release|Any CPU
	EndGlobalSection
	GlobalSection(ProjectConfigurationPlatforms) = postSolution
		{9325930B-1C6A-49A9-ADD0-80042EF1F9C0}.Debug|Any CPU.ActiveCfg = Debug|Any CPU
		{9325930B-1C6A-49A9-ADD0-80042EF1F9C0}.Debug|Any CPU.Build.0 = Debug|Any CPU
		{9325930B-1C6A-49A9-ADD0-80042EF1F9C0}.Release|Any CPU.ActiveCfg = Release|Any CPU
		{9325930B-1C6A-49A9-ADD0-80042EF1F9C0}.Release|Any CPU.Build.0 = Release|Any CPU
		{928A55BA-202D-48E4-8CE4-3EBA75E82C1A}.Debug|Any CPU.ActiveCfg = Debug|Any CPU
		{928A55BA-202D-48E4-8CE4-3EBA75E82C1A}.Debug|Any CPU.Build.0 = Debug|Any CPU
		{928A55BA-202D-48E4-8CE4-3EBA75E82C1A}.Release|Any CPU.ActiveCfg = Release|Any CPU
		{928A55BA-202D-48E4-8CE4-3EBA75E82C1A}.Release|Any CPU.Build.0 = Release|Any CPU
		{58540995-2178-4B7E-843A-80DCD5943060}.Debug|Any CPU.ActiveCfg = Debug|Any CPU
		{58540995-2178-4B7E-843A-80DCD5943060}.Debug|Any CPU.Build.0 = Debug|Any CPU
		{58540995-2178-4B7E-843A-80DCD5943060}.Release|Any CPU.ActiveCfg = Release|Any CPU
		{58540995-2178-4B7E-843A-80DCD5943060}.Release|Any CPU.Build.0 = Release|Any CPU
		{844DB1DA-0466-426E-A271-B3D7425AD042}.Debug|Any CPU.ActiveCfg = Debug|Any CPU
		{844DB1DA-0466-426E-A271-B3D7425AD042}.Debug|Any CPU.Build.0 = Debug|Any CPU
		{844DB1DA-0466-426E-A271-B3D7425AD042}.Release|Any CPU.ActiveCfg = Release|Any CPU
		{844DB1DA-0466-426E-A271-B3D7425AD042}.Release|Any CPU.Build.0 = Release|Any CPU
	EndGlobalSection
	GlobalSection(SolutionProperties) = preSolution
		HideSolutionNode = FALSE
	EndGlobalSection
	GlobalSection(ExtensibilityGlobals) = postSolution
		SolutionGuid = {192827F9-FE17-4FE0-8D07-94E825B6A6FA}
	EndGlobalSection
EndGlobal
